// !$*UTF8*$!
{
	archiveVersion = 1;
	classes = {
	};
	objectVersion = 56;
	objects = {

/* Begin PBXBuildFile section */
		751EE19E2B9EDC1A006356F5 /* AuthorizationView.swift in Sources */ = {isa = PBXBuildFile; fileRef = 751EE19D2B9EDC1A006356F5 /* AuthorizationView.swift */; };
		751EE1A12B9EE055006356F5 /* GoogleSignIn in Frameworks */ = {isa = PBXBuildFile; productRef = 751EE1A02B9EE055006356F5 /* GoogleSignIn */; };
		751EE1A32B9EE1A3006356F5 /* clientOAuth.plist in Resources */ = {isa = PBXBuildFile; fileRef = 751EE1A22B9EE1A3006356F5 /* clientOAuth.plist */; };
		7523E7E22BC699CC00315858 /* UIColorExtensions.swift in Sources */ = {isa = PBXBuildFile; fileRef = 7523E7E12BC699CC00315858 /* UIColorExtensions.swift */; };
		7523ECA22BA6AD9300707DB7 /* Localizable.strings in Resources */ = {isa = PBXBuildFile; fileRef = 7523ECA42BA6AD9300707DB7 /* Localizable.strings */; };
		7523ECA82BA6AE1200707DB7 /* InfoPlist.strings in Resources */ = {isa = PBXBuildFile; fileRef = 7523ECAA2BA6AE1200707DB7 /* InfoPlist.strings */; };
		753FE7AB2BDCEEF30039C569 /* SplashBuilderRoutProtocol.swift in Sources */ = {isa = PBXBuildFile; fileRef = 753FE7AA2BDCEEF30039C569 /* SplashBuilderRoutProtocol.swift */; };
		755C9F5F2BC42B9E00E1F089 /* KeychainAccess in Frameworks */ = {isa = PBXBuildFile; productRef = 755C9F5E2BC42B9E00E1F089 /* KeychainAccess */; };
		755C9F622BC431D900E1F089 /* SnapKit in Frameworks */ = {isa = PBXBuildFile; productRef = 755C9F612BC431D900E1F089 /* SnapKit */; };
		757FF6D62BD8E73800ABABAE /* MenuBuilder.swift in Sources */ = {isa = PBXBuildFile; fileRef = 757FF6D52BD8E73800ABABAE /* MenuBuilder.swift */; };
		757FF6D82BD8E76100ABABAE /* MenuRouter.swift in Sources */ = {isa = PBXBuildFile; fileRef = 757FF6D72BD8E76100ABABAE /* MenuRouter.swift */; };
		757FF6DA2BD8E79700ABABAE /* MenuViewModel.swift in Sources */ = {isa = PBXBuildFile; fileRef = 757FF6D92BD8E79600ABABAE /* MenuViewModel.swift */; };
		757FF6DC2BD8E7A400ABABAE /* MenuTabBarController.swift in Sources */ = {isa = PBXBuildFile; fileRef = 757FF6DB2BD8E7A400ABABAE /* MenuTabBarController.swift */; };
		757FF6E12BD94E7900ABABAE /* MenuBuilderProtocol.swift in Sources */ = {isa = PBXBuildFile; fileRef = 757FF6E02BD94E7900ABABAE /* MenuBuilderProtocol.swift */; };
		757FF6E32BD9524E00ABABAE /* MenuRouterProtocol.swift in Sources */ = {isa = PBXBuildFile; fileRef = 757FF6E22BD9524E00ABABAE /* MenuRouterProtocol.swift */; };
		757FF6E52BD954FB00ABABAE /* MenuViewModelProtocol.swift in Sources */ = {isa = PBXBuildFile; fileRef = 757FF6E42BD954FB00ABABAE /* MenuViewModelProtocol.swift */; };
		757FF6EC2BDBA95600ABABAE /* MenuBuilderRoutProtocol.swift in Sources */ = {isa = PBXBuildFile; fileRef = 757FF6EB2BDBA95600ABABAE /* MenuBuilderRoutProtocol.swift */; };
		7590A2AA2BD43FE700BD881D /* AuthorizationBuilderRoutProtocol.swift in Sources */ = {isa = PBXBuildFile; fileRef = 7590A2A92BD43FE700BD881D /* AuthorizationBuilderRoutProtocol.swift */; };
		75D6C4122BC948F600D6B7C5 /* MerriweatherSans.ttf in Resources */ = {isa = PBXBuildFile; fileRef = 75D6C4112BC948F600D6B7C5 /* MerriweatherSans.ttf */; };
		75EDEC492B9EDB6E003DF653 /* AppDelegate.swift in Sources */ = {isa = PBXBuildFile; fileRef = 75EDEC482B9EDB6E003DF653 /* AppDelegate.swift */; };
		75EDEC4D2B9EDB6E003DF653 /* AuthorizationViewController.swift in Sources */ = {isa = PBXBuildFile; fileRef = 75EDEC4C2B9EDB6E003DF653 /* AuthorizationViewController.swift */; };
		75EDEC522B9EDB6F003DF653 /* Assets.xcassets in Resources */ = {isa = PBXBuildFile; fileRef = 75EDEC512B9EDB6F003DF653 /* Assets.xcassets */; };
		75EDEC552B9EDB6F003DF653 /* LaunchScreen.storyboard in Resources */ = {isa = PBXBuildFile; fileRef = 75EDEC532B9EDB6F003DF653 /* LaunchScreen.storyboard */; };
		CE96D98D2BA9DB9900FF8A61 /* Documentation.docc in Sources */ = {isa = PBXBuildFile; fileRef = CE96D98C2BA9DB9900FF8A61 /* Documentation.docc */; };
		CE96D99E2BA9E16F00FF8A61 /* MyBookModulesTests.swift in Sources */ = {isa = PBXBuildFile; fileRef = CE96D99D2BA9E16F00FF8A61 /* MyBookModulesTests.swift */; };
		CE96D9A92BA9E45000FF8A61 /* AppCoordinator.swift in Sources */ = {isa = PBXBuildFile; fileRef = CE96D9A82BA9E45000FF8A61 /* AppCoordinator.swift */; };
		CE96D9AB2BA9E45C00FF8A61 /* AppCoordinatorProtocol.swift in Sources */ = {isa = PBXBuildFile; fileRef = CE96D9AA2BA9E45C00FF8A61 /* AppCoordinatorProtocol.swift */; };
		CE96D9B32BAA038C00FF8A61 /* AppInteractor.swift in Sources */ = {isa = PBXBuildFile; fileRef = CE96D9B22BAA038C00FF8A61 /* AppInteractor.swift */; };
		CE96D9B52BAA039B00FF8A61 /* AppInteractorProtocol.swift in Sources */ = {isa = PBXBuildFile; fileRef = CE96D9B42BAA039B00FF8A61 /* AppInteractorProtocol.swift */; };
		CE96D9B82BAA03F700FF8A61 /* AppBuilder.swift in Sources */ = {isa = PBXBuildFile; fileRef = CE96D9B72BAA03F700FF8A61 /* AppBuilder.swift */; };
		CE96D9BA2BAA040A00FF8A61 /* AppBuilderProtocol.swift in Sources */ = {isa = PBXBuildFile; fileRef = CE96D9B92BAA040A00FF8A61 /* AppBuilderProtocol.swift */; };
		CE96D9BD2BAA043600FF8A61 /* SplashBuilder.swift in Sources */ = {isa = PBXBuildFile; fileRef = CE96D9BC2BAA043600FF8A61 /* SplashBuilder.swift */; };
		CE96D9BF2BAA044E00FF8A61 /* SplashBuilderProtocol.swift in Sources */ = {isa = PBXBuildFile; fileRef = CE96D9BE2BAA044E00FF8A61 /* SplashBuilderProtocol.swift */; };
		CE96D9C22BAA047A00FF8A61 /* SplashRouter.swift in Sources */ = {isa = PBXBuildFile; fileRef = CE96D9C12BAA047A00FF8A61 /* SplashRouter.swift */; };
		CE96D9C42BAA048200FF8A61 /* SplashRouterProtocol.swift in Sources */ = {isa = PBXBuildFile; fileRef = CE96D9C32BAA048200FF8A61 /* SplashRouterProtocol.swift */; };
		CE96D9C62BAA050100FF8A61 /* SplashViewController.swift in Sources */ = {isa = PBXBuildFile; fileRef = CE96D9C52BAA050100FF8A61 /* SplashViewController.swift */; };
		CE96D9C92BAA053800FF8A61 /* SplashView.swift in Sources */ = {isa = PBXBuildFile; fileRef = CE96D9C82BAA053800FF8A61 /* SplashView.swift */; };
		CE96D9CC2BAA056A00FF8A61 /* AuthorizationViewProtocol.swift in Sources */ = {isa = PBXBuildFile; fileRef = CE96D9CB2BAA056A00FF8A61 /* AuthorizationViewProtocol.swift */; };
		CE96D9CF2BAA079F00FF8A61 /* AuthorizationViewModel.swift in Sources */ = {isa = PBXBuildFile; fileRef = CE96D9CE2BAA079F00FF8A61 /* AuthorizationViewModel.swift */; };
		CE96D9D12BAA07AE00FF8A61 /* AuthorizationViewModelProtocol.swift in Sources */ = {isa = PBXBuildFile; fileRef = CE96D9D02BAA07AE00FF8A61 /* AuthorizationViewModelProtocol.swift */; };
		CE96D9DC2BAA0A1200FF8A61 /* AuthorizationRouter.swift in Sources */ = {isa = PBXBuildFile; fileRef = CE96D9DB2BAA0A1200FF8A61 /* AuthorizationRouter.swift */; };
		CE96D9DE2BAA0A2500FF8A61 /* AuthorizationRouterProtocol.swift in Sources */ = {isa = PBXBuildFile; fileRef = CE96D9DD2BAA0A2500FF8A61 /* AuthorizationRouterProtocol.swift */; };
		CE96D9E02BAA11D100FF8A61 /* AuthorizationBuilder.swift in Sources */ = {isa = PBXBuildFile; fileRef = CE96D9DF2BAA11D100FF8A61 /* AuthorizationBuilder.swift */; };
		CE96D9E22BAA11EE00FF8A61 /* AuthorizationBuilderProtocol.swift in Sources */ = {isa = PBXBuildFile; fileRef = CE96D9E12BAA11EE00FF8A61 /* AuthorizationBuilderProtocol.swift */; };
		CE96D9E62BAA129B00FF8A61 /* MyBookServicesTests.swift in Sources */ = {isa = PBXBuildFile; fileRef = CE96D9E52BAA129B00FF8A61 /* MyBookServicesTests.swift */; };
		CE96D9E82BAA134400FF8A61 /* SplashViewProtocol.swift in Sources */ = {isa = PBXBuildFile; fileRef = CE96D9E72BAA134400FF8A61 /* SplashViewProtocol.swift */; };
		CE96D9EB2BAA143400FF8A61 /* SplashViewModel.swift in Sources */ = {isa = PBXBuildFile; fileRef = CE96D9EA2BAA143400FF8A61 /* SplashViewModel.swift */; };
		CE96D9ED2BAA144B00FF8A61 /* SplashViewModelProtocol.swift in Sources */ = {isa = PBXBuildFile; fileRef = CE96D9EC2BAA144B00FF8A61 /* SplashViewModelProtocol.swift */; };
		CE96D9F12BAA274E00FF8A61 /* AppUserLogin.swift in Sources */ = {isa = PBXBuildFile; fileRef = CE96D9F02BAA274E00FF8A61 /* AppUserLogin.swift */; };
		CE96D9F32BAA275F00FF8A61 /* AppUserLoginProtocol.swift in Sources */ = {isa = PBXBuildFile; fileRef = CE96D9F22BAA275F00FF8A61 /* AppUserLoginProtocol.swift */; };
		CEA54A342BBCC1C70087C90A /* Injector.swift in Sources */ = {isa = PBXBuildFile; fileRef = CEA54A332BBCC1C70087C90A /* Injector.swift */; };
		CEA54A362BBCC1DD0087C90A /* InjectorProtocol.swift in Sources */ = {isa = PBXBuildFile; fileRef = CEA54A352BBCC1DD0087C90A /* InjectorProtocol.swift */; };
		CEA54A382BBD6A420087C90A /* Container.swift in Sources */ = {isa = PBXBuildFile; fileRef = CEA54A372BBD6A420087C90A /* Container.swift */; };
/* End PBXBuildFile section */

/* Begin PBXContainerItemProxy section */
		CE96D99F2BA9E16F00FF8A61 /* PBXContainerItemProxy */ = {
			isa = PBXContainerItemProxy;
			containerPortal = 75EDEC3D2B9EDB6E003DF653 /* Project object */;
			proxyType = 1;
			remoteGlobalIDString = 75EDEC442B9EDB6E003DF653;
			remoteInfo = MyBook;
		};
/* End PBXContainerItemProxy section */

/* Begin PBXFileReference section */
		751EE19D2B9EDC1A006356F5 /* AuthorizationView.swift */ = {isa = PBXFileReference; lastKnownFileType = sourcecode.swift; path = AuthorizationView.swift; sourceTree = "<group>"; };
		751EE1A22B9EE1A3006356F5 /* clientOAuth.plist */ = {isa = PBXFileReference; fileEncoding = 4; lastKnownFileType = text.plist.xml; path = clientOAuth.plist; sourceTree = "<group>"; };
		7523E7E12BC699CC00315858 /* UIColorExtensions.swift */ = {isa = PBXFileReference; lastKnownFileType = sourcecode.swift; name = UIColorExtensions.swift; path = Classes/UIColorExtensions.swift; sourceTree = SOURCE_ROOT; };
		7523ECA32BA6AD9300707DB7 /* en */ = {isa = PBXFileReference; lastKnownFileType = text.plist.strings; name = en; path = en.lproj/Localizable.strings; sourceTree = "<group>"; };
		7523ECA52BA6ADA500707DB7 /* ru */ = {isa = PBXFileReference; lastKnownFileType = text.plist.strings; name = ru; path = ru.lproj/Localizable.strings; sourceTree = "<group>"; };
		7523ECA92BA6AE1200707DB7 /* en */ = {isa = PBXFileReference; lastKnownFileType = text.plist.strings; name = en; path = en.lproj/InfoPlist.strings; sourceTree = "<group>"; };
		7523ECAB2BA6AE1800707DB7 /* ru */ = {isa = PBXFileReference; lastKnownFileType = text.plist.strings; name = ru; path = ru.lproj/InfoPlist.strings; sourceTree = "<group>"; };
		753FE7AA2BDCEEF30039C569 /* SplashBuilderRoutProtocol.swift */ = {isa = PBXFileReference; lastKnownFileType = sourcecode.swift; path = SplashBuilderRoutProtocol.swift; sourceTree = "<group>"; };
		757FF6D52BD8E73800ABABAE /* MenuBuilder.swift */ = {isa = PBXFileReference; lastKnownFileType = sourcecode.swift; path = MenuBuilder.swift; sourceTree = "<group>"; };
		757FF6D72BD8E76100ABABAE /* MenuRouter.swift */ = {isa = PBXFileReference; lastKnownFileType = sourcecode.swift; path = MenuRouter.swift; sourceTree = "<group>"; };
		757FF6D92BD8E79600ABABAE /* MenuViewModel.swift */ = {isa = PBXFileReference; lastKnownFileType = sourcecode.swift; path = MenuViewModel.swift; sourceTree = "<group>"; };
		757FF6DB2BD8E7A400ABABAE /* MenuTabBarController.swift */ = {isa = PBXFileReference; lastKnownFileType = sourcecode.swift; path = MenuTabBarController.swift; sourceTree = "<group>"; };
		757FF6E02BD94E7900ABABAE /* MenuBuilderProtocol.swift */ = {isa = PBXFileReference; lastKnownFileType = sourcecode.swift; path = MenuBuilderProtocol.swift; sourceTree = "<group>"; };
		757FF6E22BD9524E00ABABAE /* MenuRouterProtocol.swift */ = {isa = PBXFileReference; lastKnownFileType = sourcecode.swift; path = MenuRouterProtocol.swift; sourceTree = "<group>"; };
		757FF6E42BD954FB00ABABAE /* MenuViewModelProtocol.swift */ = {isa = PBXFileReference; lastKnownFileType = sourcecode.swift; path = MenuViewModelProtocol.swift; sourceTree = "<group>"; };
		757FF6EB2BDBA95600ABABAE /* MenuBuilderRoutProtocol.swift */ = {isa = PBXFileReference; lastKnownFileType = sourcecode.swift; path = MenuBuilderRoutProtocol.swift; sourceTree = "<group>"; };
		7590A2A92BD43FE700BD881D /* AuthorizationBuilderRoutProtocol.swift */ = {isa = PBXFileReference; lastKnownFileType = sourcecode.swift; path = AuthorizationBuilderRoutProtocol.swift; sourceTree = "<group>"; };
		75D6C4112BC948F600D6B7C5 /* MerriweatherSans.ttf */ = {isa = PBXFileReference; lastKnownFileType = file; path = MerriweatherSans.ttf; sourceTree = "<group>"; };
		75EDEC452B9EDB6E003DF653 /* MyBook.app */ = {isa = PBXFileReference; explicitFileType = wrapper.application; includeInIndex = 0; path = MyBook.app; sourceTree = BUILT_PRODUCTS_DIR; };
		75EDEC482B9EDB6E003DF653 /* AppDelegate.swift */ = {isa = PBXFileReference; lastKnownFileType = sourcecode.swift; path = AppDelegate.swift; sourceTree = "<group>"; };
		75EDEC4C2B9EDB6E003DF653 /* AuthorizationViewController.swift */ = {isa = PBXFileReference; lastKnownFileType = sourcecode.swift; path = AuthorizationViewController.swift; sourceTree = "<group>"; };
		75EDEC512B9EDB6F003DF653 /* Assets.xcassets */ = {isa = PBXFileReference; lastKnownFileType = folder.assetcatalog; path = Assets.xcassets; sourceTree = "<group>"; };
		75EDEC542B9EDB6F003DF653 /* Base */ = {isa = PBXFileReference; lastKnownFileType = file.storyboard; name = Base; path = Base.lproj/LaunchScreen.storyboard; sourceTree = "<group>"; };
		75EDEC562B9EDB6F003DF653 /* Info.plist */ = {isa = PBXFileReference; lastKnownFileType = text.plist.xml; path = Info.plist; sourceTree = "<group>"; };
		CE96D98C2BA9DB9900FF8A61 /* Documentation.docc */ = {isa = PBXFileReference; lastKnownFileType = folder.documentationcatalog; path = Documentation.docc; sourceTree = "<group>"; };
		CE96D99B2BA9E16F00FF8A61 /* MyBookTests.xctest */ = {isa = PBXFileReference; explicitFileType = wrapper.cfbundle; includeInIndex = 0; path = MyBookTests.xctest; sourceTree = BUILT_PRODUCTS_DIR; };
		CE96D99D2BA9E16F00FF8A61 /* MyBookModulesTests.swift */ = {isa = PBXFileReference; lastKnownFileType = sourcecode.swift; path = MyBookModulesTests.swift; sourceTree = "<group>"; };
		CE96D9A62BA9E27B00FF8A61 /* ReadMe.md */ = {isa = PBXFileReference; lastKnownFileType = net.daringfireball.markdown; path = ReadMe.md; sourceTree = "<group>"; };
		CE96D9A82BA9E45000FF8A61 /* AppCoordinator.swift */ = {isa = PBXFileReference; lastKnownFileType = sourcecode.swift; path = AppCoordinator.swift; sourceTree = "<group>"; };
		CE96D9AA2BA9E45C00FF8A61 /* AppCoordinatorProtocol.swift */ = {isa = PBXFileReference; lastKnownFileType = sourcecode.swift; path = AppCoordinatorProtocol.swift; sourceTree = "<group>"; };
		CE96D9B22BAA038C00FF8A61 /* AppInteractor.swift */ = {isa = PBXFileReference; lastKnownFileType = sourcecode.swift; path = AppInteractor.swift; sourceTree = "<group>"; };
		CE96D9B42BAA039B00FF8A61 /* AppInteractorProtocol.swift */ = {isa = PBXFileReference; lastKnownFileType = sourcecode.swift; path = AppInteractorProtocol.swift; sourceTree = "<group>"; };
		CE96D9B72BAA03F700FF8A61 /* AppBuilder.swift */ = {isa = PBXFileReference; lastKnownFileType = sourcecode.swift; path = AppBuilder.swift; sourceTree = "<group>"; };
		CE96D9B92BAA040A00FF8A61 /* AppBuilderProtocol.swift */ = {isa = PBXFileReference; lastKnownFileType = sourcecode.swift; path = AppBuilderProtocol.swift; sourceTree = "<group>"; };
		CE96D9BC2BAA043600FF8A61 /* SplashBuilder.swift */ = {isa = PBXFileReference; lastKnownFileType = sourcecode.swift; path = SplashBuilder.swift; sourceTree = "<group>"; };
		CE96D9BE2BAA044E00FF8A61 /* SplashBuilderProtocol.swift */ = {isa = PBXFileReference; lastKnownFileType = sourcecode.swift; path = SplashBuilderProtocol.swift; sourceTree = "<group>"; };
		CE96D9C12BAA047A00FF8A61 /* SplashRouter.swift */ = {isa = PBXFileReference; lastKnownFileType = sourcecode.swift; path = SplashRouter.swift; sourceTree = "<group>"; };
		CE96D9C32BAA048200FF8A61 /* SplashRouterProtocol.swift */ = {isa = PBXFileReference; lastKnownFileType = sourcecode.swift; path = SplashRouterProtocol.swift; sourceTree = "<group>"; };
		CE96D9C52BAA050100FF8A61 /* SplashViewController.swift */ = {isa = PBXFileReference; lastKnownFileType = sourcecode.swift; path = SplashViewController.swift; sourceTree = "<group>"; };
		CE96D9C82BAA053800FF8A61 /* SplashView.swift */ = {isa = PBXFileReference; lastKnownFileType = sourcecode.swift; path = SplashView.swift; sourceTree = "<group>"; };
		CE96D9CB2BAA056A00FF8A61 /* AuthorizationViewProtocol.swift */ = {isa = PBXFileReference; lastKnownFileType = sourcecode.swift; path = AuthorizationViewProtocol.swift; sourceTree = "<group>"; };
		CE96D9CE2BAA079F00FF8A61 /* AuthorizationViewModel.swift */ = {isa = PBXFileReference; lastKnownFileType = sourcecode.swift; path = AuthorizationViewModel.swift; sourceTree = "<group>"; };
		CE96D9D02BAA07AE00FF8A61 /* AuthorizationViewModelProtocol.swift */ = {isa = PBXFileReference; lastKnownFileType = sourcecode.swift; path = AuthorizationViewModelProtocol.swift; sourceTree = "<group>"; };
		CE96D9DB2BAA0A1200FF8A61 /* AuthorizationRouter.swift */ = {isa = PBXFileReference; lastKnownFileType = sourcecode.swift; path = AuthorizationRouter.swift; sourceTree = "<group>"; };
		CE96D9DD2BAA0A2500FF8A61 /* AuthorizationRouterProtocol.swift */ = {isa = PBXFileReference; lastKnownFileType = sourcecode.swift; path = AuthorizationRouterProtocol.swift; sourceTree = "<group>"; };
		CE96D9DF2BAA11D100FF8A61 /* AuthorizationBuilder.swift */ = {isa = PBXFileReference; lastKnownFileType = sourcecode.swift; path = AuthorizationBuilder.swift; sourceTree = "<group>"; };
		CE96D9E12BAA11EE00FF8A61 /* AuthorizationBuilderProtocol.swift */ = {isa = PBXFileReference; lastKnownFileType = sourcecode.swift; path = AuthorizationBuilderProtocol.swift; sourceTree = "<group>"; };
		CE96D9E52BAA129B00FF8A61 /* MyBookServicesTests.swift */ = {isa = PBXFileReference; lastKnownFileType = sourcecode.swift; path = MyBookServicesTests.swift; sourceTree = "<group>"; };
		CE96D9E72BAA134400FF8A61 /* SplashViewProtocol.swift */ = {isa = PBXFileReference; lastKnownFileType = sourcecode.swift; path = SplashViewProtocol.swift; sourceTree = "<group>"; };
		CE96D9EA2BAA143400FF8A61 /* SplashViewModel.swift */ = {isa = PBXFileReference; lastKnownFileType = sourcecode.swift; path = SplashViewModel.swift; sourceTree = "<group>"; };
		CE96D9EC2BAA144B00FF8A61 /* SplashViewModelProtocol.swift */ = {isa = PBXFileReference; lastKnownFileType = sourcecode.swift; path = SplashViewModelProtocol.swift; sourceTree = "<group>"; };
		CE96D9F02BAA274E00FF8A61 /* AppUserLogin.swift */ = {isa = PBXFileReference; lastKnownFileType = sourcecode.swift; path = AppUserLogin.swift; sourceTree = "<group>"; };
		CE96D9F22BAA275F00FF8A61 /* AppUserLoginProtocol.swift */ = {isa = PBXFileReference; lastKnownFileType = sourcecode.swift; path = AppUserLoginProtocol.swift; sourceTree = "<group>"; };
		CEA54A332BBCC1C70087C90A /* Injector.swift */ = {isa = PBXFileReference; lastKnownFileType = sourcecode.swift; path = Injector.swift; sourceTree = "<group>"; };
		CEA54A352BBCC1DD0087C90A /* InjectorProtocol.swift */ = {isa = PBXFileReference; lastKnownFileType = sourcecode.swift; path = InjectorProtocol.swift; sourceTree = "<group>"; };
		CEA54A372BBD6A420087C90A /* Container.swift */ = {isa = PBXFileReference; lastKnownFileType = sourcecode.swift; path = Container.swift; sourceTree = "<group>"; };
/* End PBXFileReference section */

/* Begin PBXFrameworksBuildPhase section */
		75EDEC422B9EDB6E003DF653 /* Frameworks */ = {
			isa = PBXFrameworksBuildPhase;
			buildActionMask = 2147483647;
			files = (
				755C9F622BC431D900E1F089 /* SnapKit in Frameworks */,
				755C9F5F2BC42B9E00E1F089 /* KeychainAccess in Frameworks */,
				751EE1A12B9EE055006356F5 /* GoogleSignIn in Frameworks */,
			);
			runOnlyForDeploymentPostprocessing = 0;
		};
		CE96D9982BA9E16E00FF8A61 /* Frameworks */ = {
			isa = PBXFrameworksBuildPhase;
			buildActionMask = 2147483647;
			files = (
			);
			runOnlyForDeploymentPostprocessing = 0;
		};
/* End PBXFrameworksBuildPhase section */

/* Begin PBXGroup section */
		752C0C562BB6E4F200241FFF /* Services */ = {
			isa = PBXGroup;
			children = (
			);
			path = Services;
			sourceTree = "<group>";
		};
		757FF6D02BD8D35700ABABAE /* Builder */ = {
			isa = PBXGroup;
			children = (
				757FF6D52BD8E73800ABABAE /* MenuBuilder.swift */,
				757FF6E02BD94E7900ABABAE /* MenuBuilderProtocol.swift */,
				757FF6EB2BDBA95600ABABAE /* MenuBuilderRoutProtocol.swift */,
			);
			path = Builder;
			sourceTree = "<group>";
		};
		757FF6D12BD8D37900ABABAE /* Router */ = {
			isa = PBXGroup;
			children = (
				757FF6D72BD8E76100ABABAE /* MenuRouter.swift */,
				757FF6E22BD9524E00ABABAE /* MenuRouterProtocol.swift */,
			);
			path = Router;
			sourceTree = "<group>";
		};
		757FF6D22BD8D38D00ABABAE /* ViewModel */ = {
			isa = PBXGroup;
			children = (
				757FF6D92BD8E79600ABABAE /* MenuViewModel.swift */,
				757FF6E42BD954FB00ABABAE /* MenuViewModelProtocol.swift */,
				757FF6E62BD955FE00ABABAE /* Services */,
			);
			path = ViewModel;
			sourceTree = "<group>";
		};
		757FF6D32BD8D3F700ABABAE /* ViewController */ = {
			isa = PBXGroup;
			children = (
				757FF6DB2BD8E7A400ABABAE /* MenuTabBarController.swift */,
			);
			path = ViewController;
			sourceTree = "<group>";
		};
		757FF6DF2BD94C2400ABABAE /* Navigation */ = {
			isa = PBXGroup;
			children = (
				CE96D9962BA9E01600FF8A61 /* Menu */,
				757FF6E82BD9743200ABABAE /* Main */,
				757FF6E72BD95E8D00ABABAE /* Favorites */,
				757FF6E92BD9744000ABABAE /* Notes */,
				757FF6EA2BD9745500ABABAE /* Settings */,
			);
			path = Navigation;
			sourceTree = "<group>";
		};
		757FF6E62BD955FE00ABABAE /* Services */ = {
			isa = PBXGroup;
			children = (
			);
			path = Services;
			sourceTree = "<group>";
		};
		757FF6E72BD95E8D00ABABAE /* Favorites */ = {
			isa = PBXGroup;
			children = (
			);
			path = Favorites;
			sourceTree = "<group>";
		};
		757FF6E82BD9743200ABABAE /* Main */ = {
			isa = PBXGroup;
			children = (
			);
			path = Main;
			sourceTree = "<group>";
		};
		757FF6E92BD9744000ABABAE /* Notes */ = {
			isa = PBXGroup;
			children = (
			);
			path = Notes;
			sourceTree = "<group>";
		};
		757FF6EA2BD9745500ABABAE /* Settings */ = {
			isa = PBXGroup;
			children = (
			);
			path = Settings;
			sourceTree = "<group>";
		};
		75D6C4102BC948D600D6B7C5 /* Fonts */ = {
			isa = PBXGroup;
			children = (
				75D6C4112BC948F600D6B7C5 /* MerriweatherSans.ttf */,
			);
			path = Fonts;
			sourceTree = "<group>";
		};
		75EDEC3C2B9EDB6E003DF653 = {
			isa = PBXGroup;
			children = (
				CE96D9A62BA9E27B00FF8A61 /* ReadMe.md */,
				75EDEC472B9EDB6E003DF653 /* MyBook */,
				CE96D99C2BA9E16F00FF8A61 /* MyBookTests */,
				75EDEC462B9EDB6E003DF653 /* Products */,
			);
			sourceTree = "<group>";
		};
		75EDEC462B9EDB6E003DF653 /* Products */ = {
			isa = PBXGroup;
			children = (
				75EDEC452B9EDB6E003DF653 /* MyBook.app */,
				CE96D99B2BA9E16F00FF8A61 /* MyBookTests.xctest */,
			);
			name = Products;
			sourceTree = "<group>";
		};
		75EDEC472B9EDB6E003DF653 /* MyBook */ = {
			isa = PBXGroup;
			children = (
				75EDEC562B9EDB6F003DF653 /* Info.plist */,
				751EE1A22B9EE1A3006356F5 /* clientOAuth.plist */,
				CE96D98E2BA9DF7F00FF8A61 /* Modules */,
				CE96D98F2BA9DF9E00FF8A61 /* Services */,
				CE96D9902BA9DFAE00FF8A61 /* Extensions */,
				CE96D9892BA9D70100FF8A61 /* Resources */,
				CE96D98C2BA9DB9900FF8A61 /* Documentation.docc */,
			);
			path = MyBook;
			sourceTree = "<group>";
		};
		CE96D9892BA9D70100FF8A61 /* Resources */ = {
			isa = PBXGroup;
			children = (
				75EDEC512B9EDB6F003DF653 /* Assets.xcassets */,
				75D6C4102BC948D600D6B7C5 /* Fonts */,
				CE96D98A2BA9D72800FF8A61 /* Localization */,
			);
			path = Resources;
			sourceTree = "<group>";
		};
		CE96D98A2BA9D72800FF8A61 /* Localization */ = {
			isa = PBXGroup;
			children = (
				7523ECAA2BA6AE1200707DB7 /* InfoPlist.strings */,
				7523ECA42BA6AD9300707DB7 /* Localizable.strings */,
			);
			path = Localization;
			sourceTree = "<group>";
		};
		CE96D98E2BA9DF7F00FF8A61 /* Modules */ = {
			isa = PBXGroup;
			children = (
				CE96D9912BA9DFD500FF8A61 /* Application */,
				CE96D9922BA9DFE500FF8A61 /* Splash */,
				CE96D9952BA9E00A00FF8A61 /* Authorization */,
				757FF6DF2BD94C2400ABABAE /* Navigation */,
			);
			path = Modules;
			sourceTree = "<group>";
		};
		CE96D98F2BA9DF9E00FF8A61 /* Services */ = {
			isa = PBXGroup;
			children = (
				CEA54A3C2BBD6BA00087C90A /* Dependency */,
				CEA54A3D2BBD6BBA0087C90A /* UserInterface */,
				CEA54A3E2BBD6BCD0087C90A /* Networking */,
			);
			path = Services;
			sourceTree = "<group>";
		};
		CE96D9902BA9DFAE00FF8A61 /* Extensions */ = {
			isa = PBXGroup;
			children = (
				CE96D9AC2BA9E4FF00FF8A61 /* Classes */,
				CE96D9AD2BA9E50500FF8A61 /* Structures */,
				CE96D9AE2BA9E50F00FF8A61 /* Protocols */,
			);
			path = Extensions;
			sourceTree = "<group>";
		};
		CE96D9912BA9DFD500FF8A61 /* Application */ = {
			isa = PBXGroup;
			children = (
				CE96D9AF2BA9E54E00FF8A61 /* LaunchScreen */,
				CE96D9A52BA9E20D00FF8A61 /* Delegate */,
				CE96D9B62BAA03D500FF8A61 /* Builder */,
				CE96D9A42BA9E1FA00FF8A61 /* Coordinator */,
				CE96D9B12BAA037300FF8A61 /* Interactor */,
			);
			path = Application;
			sourceTree = "<group>";
		};
		CE96D9922BA9DFE500FF8A61 /* Splash */ = {
			isa = PBXGroup;
			children = (
				CE96D9BB2BAA042700FF8A61 /* Builder */,
				CE96D9C02BAA046300FF8A61 /* Router */,
				CE96D9E92BAA140200FF8A61 /* ViewModel */,
				CE96D9932BA9DFF300FF8A61 /* ViewController */,
				CE96D9942BA9DFFE00FF8A61 /* View */,
			);
			path = Splash;
			sourceTree = "<group>";
		};
		CE96D9932BA9DFF300FF8A61 /* ViewController */ = {
			isa = PBXGroup;
			children = (
				CE96D9C52BAA050100FF8A61 /* SplashViewController.swift */,
			);
			path = ViewController;
			sourceTree = "<group>";
		};
		CE96D9942BA9DFFE00FF8A61 /* View */ = {
			isa = PBXGroup;
			children = (
				CE96D9C82BAA053800FF8A61 /* SplashView.swift */,
				CE96D9E72BAA134400FF8A61 /* SplashViewProtocol.swift */,
			);
			path = View;
			sourceTree = "<group>";
		};
		CE96D9952BA9E00A00FF8A61 /* Authorization */ = {
			isa = PBXGroup;
			children = (
				CE96D9DA2BAA0A0100FF8A61 /* Builder */,
				CE96D9D92BAA09FA00FF8A61 /* Router */,
				CE96D9CD2BAA078B00FF8A61 /* ViewModel */,
				CE96D9C72BAA051C00FF8A61 /* ViewController */,
				CE96D9CA2BAA054700FF8A61 /* View */,
			);
			path = Authorization;
			sourceTree = "<group>";
		};
		CE96D9962BA9E01600FF8A61 /* Menu */ = {
			isa = PBXGroup;
			children = (
				757FF6D02BD8D35700ABABAE /* Builder */,
				757FF6D12BD8D37900ABABAE /* Router */,
				757FF6D22BD8D38D00ABABAE /* ViewModel */,
				757FF6D32BD8D3F700ABABAE /* ViewController */,
			);
			path = Menu;
			sourceTree = "<group>";
		};
		CE96D99C2BA9E16F00FF8A61 /* MyBookTests */ = {
			isa = PBXGroup;
			children = (
				CE96D9E32BAA126C00FF8A61 /* Modules */,
				CE96D9E42BAA127600FF8A61 /* Services */,
			);
			path = MyBookTests;
			sourceTree = "<group>";
		};
		CE96D9A42BA9E1FA00FF8A61 /* Coordinator */ = {
			isa = PBXGroup;
			children = (
				CE96D9A82BA9E45000FF8A61 /* AppCoordinator.swift */,
				CE96D9AA2BA9E45C00FF8A61 /* AppCoordinatorProtocol.swift */,
			);
			path = Coordinator;
			sourceTree = "<group>";
		};
		CE96D9A52BA9E20D00FF8A61 /* Delegate */ = {
			isa = PBXGroup;
			children = (
				75EDEC482B9EDB6E003DF653 /* AppDelegate.swift */,
			);
			path = Delegate;
			sourceTree = "<group>";
		};
		CE96D9AC2BA9E4FF00FF8A61 /* Classes */ = {
			isa = PBXGroup;
			children = (
				7523E7E12BC699CC00315858 /* UIColorExtensions.swift */,
			);
			path = Classes;
			sourceTree = "<group>";
		};
		CE96D9AD2BA9E50500FF8A61 /* Structures */ = {
			isa = PBXGroup;
			children = (
			);
			path = Structures;
			sourceTree = "<group>";
		};
		CE96D9AE2BA9E50F00FF8A61 /* Protocols */ = {
			isa = PBXGroup;
			children = (
			);
			path = Protocols;
			sourceTree = "<group>";
		};
		CE96D9AF2BA9E54E00FF8A61 /* LaunchScreen */ = {
			isa = PBXGroup;
			children = (
				75EDEC532B9EDB6F003DF653 /* LaunchScreen.storyboard */,
			);
			path = LaunchScreen;
			sourceTree = "<group>";
		};
		CE96D9B12BAA037300FF8A61 /* Interactor */ = {
			isa = PBXGroup;
			children = (
				CE96D9B22BAA038C00FF8A61 /* AppInteractor.swift */,
				CE96D9B42BAA039B00FF8A61 /* AppInteractorProtocol.swift */,
				CE96D9EE2BAA270500FF8A61 /* Services */,
			);
			path = Interactor;
			sourceTree = "<group>";
		};
		CE96D9B62BAA03D500FF8A61 /* Builder */ = {
			isa = PBXGroup;
			children = (
				CE96D9B72BAA03F700FF8A61 /* AppBuilder.swift */,
				CE96D9B92BAA040A00FF8A61 /* AppBuilderProtocol.swift */,
			);
			path = Builder;
			sourceTree = "<group>";
		};
		CE96D9BB2BAA042700FF8A61 /* Builder */ = {
			isa = PBXGroup;
			children = (
				CE96D9BC2BAA043600FF8A61 /* SplashBuilder.swift */,
				CE96D9BE2BAA044E00FF8A61 /* SplashBuilderProtocol.swift */,
				753FE7AA2BDCEEF30039C569 /* SplashBuilderRoutProtocol.swift */,
			);
			path = Builder;
			sourceTree = "<group>";
		};
		CE96D9C02BAA046300FF8A61 /* Router */ = {
			isa = PBXGroup;
			children = (
				CE96D9C12BAA047A00FF8A61 /* SplashRouter.swift */,
				CE96D9C32BAA048200FF8A61 /* SplashRouterProtocol.swift */,
			);
			path = Router;
			sourceTree = "<group>";
		};
		CE96D9C72BAA051C00FF8A61 /* ViewController */ = {
			isa = PBXGroup;
			children = (
				75EDEC4C2B9EDB6E003DF653 /* AuthorizationViewController.swift */,
			);
			path = ViewController;
			sourceTree = "<group>";
		};
		CE96D9CA2BAA054700FF8A61 /* View */ = {
			isa = PBXGroup;
			children = (
				751EE19D2B9EDC1A006356F5 /* AuthorizationView.swift */,
				CE96D9CB2BAA056A00FF8A61 /* AuthorizationViewProtocol.swift */,
			);
			path = View;
			sourceTree = "<group>";
		};
		CE96D9CD2BAA078B00FF8A61 /* ViewModel */ = {
			isa = PBXGroup;
			children = (
				CE96D9CE2BAA079F00FF8A61 /* AuthorizationViewModel.swift */,
				CE96D9D02BAA07AE00FF8A61 /* AuthorizationViewModelProtocol.swift */,
			);
			path = ViewModel;
			sourceTree = "<group>";
		};
		CE96D9D92BAA09FA00FF8A61 /* Router */ = {
			isa = PBXGroup;
			children = (
				CE96D9DB2BAA0A1200FF8A61 /* AuthorizationRouter.swift */,
				CE96D9DD2BAA0A2500FF8A61 /* AuthorizationRouterProtocol.swift */,
			);
			path = Router;
			sourceTree = "<group>";
		};
		CE96D9DA2BAA0A0100FF8A61 /* Builder */ = {
			isa = PBXGroup;
			children = (
				CE96D9DF2BAA11D100FF8A61 /* AuthorizationBuilder.swift */,
				CE96D9E12BAA11EE00FF8A61 /* AuthorizationBuilderProtocol.swift */,
				7590A2A92BD43FE700BD881D /* AuthorizationBuilderRoutProtocol.swift */,
			);
			path = Builder;
			sourceTree = "<group>";
		};
		CE96D9E32BAA126C00FF8A61 /* Modules */ = {
			isa = PBXGroup;
			children = (
				CE96D99D2BA9E16F00FF8A61 /* MyBookModulesTests.swift */,
			);
			path = Modules;
			sourceTree = "<group>";
		};
		CE96D9E42BAA127600FF8A61 /* Services */ = {
			isa = PBXGroup;
			children = (
				CE96D9E52BAA129B00FF8A61 /* MyBookServicesTests.swift */,
			);
			path = Services;
			sourceTree = "<group>";
		};
		CE96D9E92BAA140200FF8A61 /* ViewModel */ = {
			isa = PBXGroup;
			children = (
				CE96D9EA2BAA143400FF8A61 /* SplashViewModel.swift */,
				CE96D9EC2BAA144B00FF8A61 /* SplashViewModelProtocol.swift */,
				752C0C562BB6E4F200241FFF /* Services */,
			);
			path = ViewModel;
			sourceTree = "<group>";
		};
		CE96D9EE2BAA270500FF8A61 /* Services */ = {
			isa = PBXGroup;
			children = (
				CE96D9EF2BAA271800FF8A61 /* AppUserLogin */,
			);
			path = Services;
			sourceTree = "<group>";
		};
		CE96D9EF2BAA271800FF8A61 /* AppUserLogin */ = {
			isa = PBXGroup;
			children = (
				CE96D9F02BAA274E00FF8A61 /* AppUserLogin.swift */,
				CE96D9F22BAA275F00FF8A61 /* AppUserLoginProtocol.swift */,
			);
			path = AppUserLogin;
			sourceTree = "<group>";
		};
		CEA54A322BBCC19E0087C90A /* Injector */ = {
			isa = PBXGroup;
			children = (
				CEA54A332BBCC1C70087C90A /* Injector.swift */,
				CEA54A352BBCC1DD0087C90A /* InjectorProtocol.swift */,
			);
			path = Injector;
			sourceTree = "<group>";
		};
		CEA54A392BBD6A470087C90A /* Container */ = {
			isa = PBXGroup;
			children = (
				CEA54A372BBD6A420087C90A /* Container.swift */,
			);
			path = Container;
			sourceTree = "<group>";
		};
		CEA54A3C2BBD6BA00087C90A /* Dependency */ = {
			isa = PBXGroup;
			children = (
				CEA54A392BBD6A470087C90A /* Container */,
				CEA54A322BBCC19E0087C90A /* Injector */,
			);
			path = Dependency;
			sourceTree = "<group>";
		};
		CEA54A3D2BBD6BBA0087C90A /* UserInterface */ = {
			isa = PBXGroup;
			children = (
			);
			path = UserInterface;
			sourceTree = "<group>";
		};
		CEA54A3E2BBD6BCD0087C90A /* Networking */ = {
			isa = PBXGroup;
			children = (
			);
			path = Networking;
			sourceTree = "<group>";
		};
/* End PBXGroup section */

/* Begin PBXNativeTarget section */
		75EDEC442B9EDB6E003DF653 /* MyBook */ = {
			isa = PBXNativeTarget;
			buildConfigurationList = 75EDEC592B9EDB6F003DF653 /* Build configuration list for PBXNativeTarget "MyBook" */;
			buildPhases = (
				75EDEC412B9EDB6E003DF653 /* Sources */,
				75EDEC422B9EDB6E003DF653 /* Frameworks */,
				75EDEC432B9EDB6E003DF653 /* Resources */,
			);
			buildRules = (
			);
			dependencies = (
			);
			name = MyBook;
			packageProductDependencies = (
				751EE1A02B9EE055006356F5 /* GoogleSignIn */,
				755C9F5E2BC42B9E00E1F089 /* KeychainAccess */,
				755C9F612BC431D900E1F089 /* SnapKit */,
			);
			productName = MyBook;
			productReference = 75EDEC452B9EDB6E003DF653 /* MyBook.app */;
			productType = "com.apple.product-type.application";
		};
		CE96D99A2BA9E16E00FF8A61 /* MyBookTests */ = {
			isa = PBXNativeTarget;
			buildConfigurationList = CE96D9A12BA9E16F00FF8A61 /* Build configuration list for PBXNativeTarget "MyBookTests" */;
			buildPhases = (
				CE96D9972BA9E16E00FF8A61 /* Sources */,
				CE96D9982BA9E16E00FF8A61 /* Frameworks */,
				CE96D9992BA9E16E00FF8A61 /* Resources */,
			);
			buildRules = (
			);
			dependencies = (
				CE96D9A02BA9E16F00FF8A61 /* PBXTargetDependency */,
			);
			name = MyBookTests;
			productName = MyBookTests;
			productReference = CE96D99B2BA9E16F00FF8A61 /* MyBookTests.xctest */;
			productType = "com.apple.product-type.bundle.unit-test";
		};
/* End PBXNativeTarget section */

/* Begin PBXProject section */
		75EDEC3D2B9EDB6E003DF653 /* Project object */ = {
			isa = PBXProject;
			attributes = {
				BuildIndependentTargetsInParallel = 1;
				LastSwiftUpdateCheck = 1520;
				LastUpgradeCheck = 1520;
				TargetAttributes = {
					75EDEC442B9EDB6E003DF653 = {
						CreatedOnToolsVersion = 15.2;
					};
					CE96D99A2BA9E16E00FF8A61 = {
						CreatedOnToolsVersion = 15.2;
						TestTargetID = 75EDEC442B9EDB6E003DF653;
					};
				};
			};
			buildConfigurationList = 75EDEC402B9EDB6E003DF653 /* Build configuration list for PBXProject "MyBook" */;
			compatibilityVersion = "Xcode 14.0";
			developmentRegion = en;
			hasScannedForEncodings = 0;
			knownRegions = (
				en,
				Base,
				ru,
			);
			mainGroup = 75EDEC3C2B9EDB6E003DF653;
			packageReferences = (
				751EE19F2B9EE055006356F5 /* XCRemoteSwiftPackageReference "GoogleSignIn-iOS" */,
				755C9F5D2BC42B9E00E1F089 /* XCRemoteSwiftPackageReference "KeychainAccess" */,
				755C9F602BC431D900E1F089 /* XCRemoteSwiftPackageReference "SnapKit" */,
			);
			productRefGroup = 75EDEC462B9EDB6E003DF653 /* Products */;
			projectDirPath = "";
			projectRoot = "";
			targets = (
				75EDEC442B9EDB6E003DF653 /* MyBook */,
				CE96D99A2BA9E16E00FF8A61 /* MyBookTests */,
			);
		};
/* End PBXProject section */

/* Begin PBXResourcesBuildPhase section */
		75EDEC432B9EDB6E003DF653 /* Resources */ = {
			isa = PBXResourcesBuildPhase;
			buildActionMask = 2147483647;
			files = (
				75D6C4122BC948F600D6B7C5 /* MerriweatherSans.ttf in Resources */,
				7523ECA22BA6AD9300707DB7 /* Localizable.strings in Resources */,
				7523ECA82BA6AE1200707DB7 /* InfoPlist.strings in Resources */,
				75EDEC552B9EDB6F003DF653 /* LaunchScreen.storyboard in Resources */,
				751EE1A32B9EE1A3006356F5 /* clientOAuth.plist in Resources */,
				75EDEC522B9EDB6F003DF653 /* Assets.xcassets in Resources */,
			);
			runOnlyForDeploymentPostprocessing = 0;
		};
		CE96D9992BA9E16E00FF8A61 /* Resources */ = {
			isa = PBXResourcesBuildPhase;
			buildActionMask = 2147483647;
			files = (
			);
			runOnlyForDeploymentPostprocessing = 0;
		};
/* End PBXResourcesBuildPhase section */

/* Begin PBXSourcesBuildPhase section */
		75EDEC412B9EDB6E003DF653 /* Sources */ = {
			isa = PBXSourcesBuildPhase;
			buildActionMask = 2147483647;
			files = (
				CE96D9DC2BAA0A1200FF8A61 /* AuthorizationRouter.swift in Sources */,
				CEA54A362BBCC1DD0087C90A /* InjectorProtocol.swift in Sources */,
				7590A2AA2BD43FE700BD881D /* AuthorizationBuilderRoutProtocol.swift in Sources */,
				757FF6DA2BD8E79700ABABAE /* MenuViewModel.swift in Sources */,
				CE96D9E22BAA11EE00FF8A61 /* AuthorizationBuilderProtocol.swift in Sources */,
				CE96D9CF2BAA079F00FF8A61 /* AuthorizationViewModel.swift in Sources */,
				751EE19E2B9EDC1A006356F5 /* AuthorizationView.swift in Sources */,
				CE96D9C92BAA053800FF8A61 /* SplashView.swift in Sources */,
				75EDEC4D2B9EDB6E003DF653 /* AuthorizationViewController.swift in Sources */,
				757FF6E52BD954FB00ABABAE /* MenuViewModelProtocol.swift in Sources */,
				757FF6D82BD8E76100ABABAE /* MenuRouter.swift in Sources */,
				757FF6D62BD8E73800ABABAE /* MenuBuilder.swift in Sources */,
				7523E7E22BC699CC00315858 /* UIColorExtensions.swift in Sources */,
				CE96D9C22BAA047A00FF8A61 /* SplashRouter.swift in Sources */,
				CE96D9AB2BA9E45C00FF8A61 /* AppCoordinatorProtocol.swift in Sources */,
				CE96D9F32BAA275F00FF8A61 /* AppUserLoginProtocol.swift in Sources */,
				CE96D9BD2BAA043600FF8A61 /* SplashBuilder.swift in Sources */,
				CEA54A342BBCC1C70087C90A /* Injector.swift in Sources */,
				753FE7AB2BDCEEF30039C569 /* SplashBuilderRoutProtocol.swift in Sources */,
				CE96D9BA2BAA040A00FF8A61 /* AppBuilderProtocol.swift in Sources */,
				CE96D9EB2BAA143400FF8A61 /* SplashViewModel.swift in Sources */,
				CE96D9B32BAA038C00FF8A61 /* AppInteractor.swift in Sources */,
				CE96D9F12BAA274E00FF8A61 /* AppUserLogin.swift in Sources */,
				CE96D9DE2BAA0A2500FF8A61 /* AuthorizationRouterProtocol.swift in Sources */,
				CE96D9E02BAA11D100FF8A61 /* AuthorizationBuilder.swift in Sources */,
				CE96D9B52BAA039B00FF8A61 /* AppInteractorProtocol.swift in Sources */,
				CE96D9A92BA9E45000FF8A61 /* AppCoordinator.swift in Sources */,
				CE96D9E82BAA134400FF8A61 /* SplashViewProtocol.swift in Sources */,
				757FF6EC2BDBA95600ABABAE /* MenuBuilderRoutProtocol.swift in Sources */,
				757FF6DC2BD8E7A400ABABAE /* MenuTabBarController.swift in Sources */,
				CE96D9C62BAA050100FF8A61 /* SplashViewController.swift in Sources */,
				CE96D9CC2BAA056A00FF8A61 /* AuthorizationViewProtocol.swift in Sources */,
				CE96D9B82BAA03F700FF8A61 /* AppBuilder.swift in Sources */,
				75EDEC492B9EDB6E003DF653 /* AppDelegate.swift in Sources */,
				CE96D9BF2BAA044E00FF8A61 /* SplashBuilderProtocol.swift in Sources */,
				CE96D98D2BA9DB9900FF8A61 /* Documentation.docc in Sources */,
				757FF6E32BD9524E00ABABAE /* MenuRouterProtocol.swift in Sources */,
				CE96D9ED2BAA144B00FF8A61 /* SplashViewModelProtocol.swift in Sources */,
				CE96D9D12BAA07AE00FF8A61 /* AuthorizationViewModelProtocol.swift in Sources */,
				CEA54A382BBD6A420087C90A /* Container.swift in Sources */,
				757FF6E12BD94E7900ABABAE /* MenuBuilderProtocol.swift in Sources */,
				CE96D9C42BAA048200FF8A61 /* SplashRouterProtocol.swift in Sources */,
			);
			runOnlyForDeploymentPostprocessing = 0;
		};
		CE96D9972BA9E16E00FF8A61 /* Sources */ = {
			isa = PBXSourcesBuildPhase;
			buildActionMask = 2147483647;
			files = (
				CE96D9E62BAA129B00FF8A61 /* MyBookServicesTests.swift in Sources */,
				CE96D99E2BA9E16F00FF8A61 /* MyBookModulesTests.swift in Sources */,
			);
			runOnlyForDeploymentPostprocessing = 0;
		};
/* End PBXSourcesBuildPhase section */

/* Begin PBXTargetDependency section */
		CE96D9A02BA9E16F00FF8A61 /* PBXTargetDependency */ = {
			isa = PBXTargetDependency;
			target = 75EDEC442B9EDB6E003DF653 /* MyBook */;
			targetProxy = CE96D99F2BA9E16F00FF8A61 /* PBXContainerItemProxy */;
		};
/* End PBXTargetDependency section */

/* Begin PBXVariantGroup section */
		7523ECA42BA6AD9300707DB7 /* Localizable.strings */ = {
			isa = PBXVariantGroup;
			children = (
				7523ECA32BA6AD9300707DB7 /* en */,
				7523ECA52BA6ADA500707DB7 /* ru */,
			);
			name = Localizable.strings;
			sourceTree = "<group>";
		};
		7523ECAA2BA6AE1200707DB7 /* InfoPlist.strings */ = {
			isa = PBXVariantGroup;
			children = (
				7523ECA92BA6AE1200707DB7 /* en */,
				7523ECAB2BA6AE1800707DB7 /* ru */,
			);
			name = InfoPlist.strings;
			sourceTree = "<group>";
		};
		75EDEC532B9EDB6F003DF653 /* LaunchScreen.storyboard */ = {
			isa = PBXVariantGroup;
			children = (
				75EDEC542B9EDB6F003DF653 /* Base */,
			);
			name = LaunchScreen.storyboard;
			sourceTree = "<group>";
		};
/* End PBXVariantGroup section */

/* Begin XCBuildConfiguration section */
		75EDEC572B9EDB6F003DF653 /* Debug */ = {
			isa = XCBuildConfiguration;
			buildSettings = {
				ALWAYS_SEARCH_USER_PATHS = NO;
				ASSETCATALOG_COMPILER_GENERATE_SWIFT_ASSET_SYMBOL_EXTENSIONS = YES;
				CLANG_ANALYZER_LOCALIZABILITY_NONLOCALIZED = YES;
				CLANG_ANALYZER_NONNULL = YES;
				CLANG_ANALYZER_NUMBER_OBJECT_CONVERSION = YES_AGGRESSIVE;
				CLANG_CXX_LANGUAGE_STANDARD = "gnu++20";
				CLANG_ENABLE_MODULES = YES;
				CLANG_ENABLE_OBJC_ARC = YES;
				CLANG_ENABLE_OBJC_WEAK = YES;
				CLANG_WARN_BLOCK_CAPTURE_AUTORELEASING = YES;
				CLANG_WARN_BOOL_CONVERSION = YES;
				CLANG_WARN_COMMA = YES;
				CLANG_WARN_CONSTANT_CONVERSION = YES;
				CLANG_WARN_DEPRECATED_OBJC_IMPLEMENTATIONS = YES;
				CLANG_WARN_DIRECT_OBJC_ISA_USAGE = YES_ERROR;
				CLANG_WARN_DOCUMENTATION_COMMENTS = YES;
				CLANG_WARN_EMPTY_BODY = YES;
				CLANG_WARN_ENUM_CONVERSION = YES;
				CLANG_WARN_INFINITE_RECURSION = YES;
				CLANG_WARN_INT_CONVERSION = YES;
				CLANG_WARN_NON_LITERAL_NULL_CONVERSION = YES;
				CLANG_WARN_OBJC_IMPLICIT_RETAIN_SELF = YES;
				CLANG_WARN_OBJC_LITERAL_CONVERSION = YES;
				CLANG_WARN_OBJC_ROOT_CLASS = YES_ERROR;
				CLANG_WARN_QUOTED_INCLUDE_IN_FRAMEWORK_HEADER = YES;
				CLANG_WARN_RANGE_LOOP_ANALYSIS = YES;
				CLANG_WARN_STRICT_PROTOTYPES = YES;
				CLANG_WARN_SUSPICIOUS_MOVE = YES;
				CLANG_WARN_UNGUARDED_AVAILABILITY = YES_AGGRESSIVE;
				CLANG_WARN_UNREACHABLE_CODE = YES;
				CLANG_WARN__DUPLICATE_METHOD_MATCH = YES;
				COPY_PHASE_STRIP = NO;
				DEBUG_INFORMATION_FORMAT = dwarf;
				ENABLE_STRICT_OBJC_MSGSEND = YES;
				ENABLE_TESTABILITY = YES;
				ENABLE_USER_SCRIPT_SANDBOXING = YES;
				GCC_C_LANGUAGE_STANDARD = gnu17;
				GCC_DYNAMIC_NO_PIC = NO;
				GCC_NO_COMMON_BLOCKS = YES;
				GCC_OPTIMIZATION_LEVEL = 0;
				GCC_PREPROCESSOR_DEFINITIONS = (
					"DEBUG=1",
					"$(inherited)",
				);
				GCC_WARN_64_TO_32_BIT_CONVERSION = YES;
				GCC_WARN_ABOUT_RETURN_TYPE = YES_ERROR;
				GCC_WARN_UNDECLARED_SELECTOR = YES;
				GCC_WARN_UNINITIALIZED_AUTOS = YES_AGGRESSIVE;
				GCC_WARN_UNUSED_FUNCTION = YES;
				GCC_WARN_UNUSED_VARIABLE = YES;
				IPHONEOS_DEPLOYMENT_TARGET = 13.0;
				LOCALIZATION_PREFERS_STRING_CATALOGS = YES;
				MTL_ENABLE_DEBUG_INFO = INCLUDE_SOURCE;
				MTL_FAST_MATH = YES;
				ONLY_ACTIVE_ARCH = YES;
				SDKROOT = iphoneos;
				SWIFT_ACTIVE_COMPILATION_CONDITIONS = "DEBUG $(inherited)";
				SWIFT_OPTIMIZATION_LEVEL = "-Onone";
			};
			name = Debug;
		};
		75EDEC582B9EDB6F003DF653 /* Release */ = {
			isa = XCBuildConfiguration;
			buildSettings = {
				ALWAYS_SEARCH_USER_PATHS = NO;
				ASSETCATALOG_COMPILER_GENERATE_SWIFT_ASSET_SYMBOL_EXTENSIONS = YES;
				CLANG_ANALYZER_LOCALIZABILITY_NONLOCALIZED = YES;
				CLANG_ANALYZER_NONNULL = YES;
				CLANG_ANALYZER_NUMBER_OBJECT_CONVERSION = YES_AGGRESSIVE;
				CLANG_CXX_LANGUAGE_STANDARD = "gnu++20";
				CLANG_ENABLE_MODULES = YES;
				CLANG_ENABLE_OBJC_ARC = YES;
				CLANG_ENABLE_OBJC_WEAK = YES;
				CLANG_WARN_BLOCK_CAPTURE_AUTORELEASING = YES;
				CLANG_WARN_BOOL_CONVERSION = YES;
				CLANG_WARN_COMMA = YES;
				CLANG_WARN_CONSTANT_CONVERSION = YES;
				CLANG_WARN_DEPRECATED_OBJC_IMPLEMENTATIONS = YES;
				CLANG_WARN_DIRECT_OBJC_ISA_USAGE = YES_ERROR;
				CLANG_WARN_DOCUMENTATION_COMMENTS = YES;
				CLANG_WARN_EMPTY_BODY = YES;
				CLANG_WARN_ENUM_CONVERSION = YES;
				CLANG_WARN_INFINITE_RECURSION = YES;
				CLANG_WARN_INT_CONVERSION = YES;
				CLANG_WARN_NON_LITERAL_NULL_CONVERSION = YES;
				CLANG_WARN_OBJC_IMPLICIT_RETAIN_SELF = YES;
				CLANG_WARN_OBJC_LITERAL_CONVERSION = YES;
				CLANG_WARN_OBJC_ROOT_CLASS = YES_ERROR;
				CLANG_WARN_QUOTED_INCLUDE_IN_FRAMEWORK_HEADER = YES;
				CLANG_WARN_RANGE_LOOP_ANALYSIS = YES;
				CLANG_WARN_STRICT_PROTOTYPES = YES;
				CLANG_WARN_SUSPICIOUS_MOVE = YES;
				CLANG_WARN_UNGUARDED_AVAILABILITY = YES_AGGRESSIVE;
				CLANG_WARN_UNREACHABLE_CODE = YES;
				CLANG_WARN__DUPLICATE_METHOD_MATCH = YES;
				COPY_PHASE_STRIP = NO;
				DEBUG_INFORMATION_FORMAT = "dwarf-with-dsym";
				ENABLE_NS_ASSERTIONS = NO;
				ENABLE_STRICT_OBJC_MSGSEND = YES;
				ENABLE_USER_SCRIPT_SANDBOXING = YES;
				GCC_C_LANGUAGE_STANDARD = gnu17;
				GCC_NO_COMMON_BLOCKS = YES;
				GCC_WARN_64_TO_32_BIT_CONVERSION = YES;
				GCC_WARN_ABOUT_RETURN_TYPE = YES_ERROR;
				GCC_WARN_UNDECLARED_SELECTOR = YES;
				GCC_WARN_UNINITIALIZED_AUTOS = YES_AGGRESSIVE;
				GCC_WARN_UNUSED_FUNCTION = YES;
				GCC_WARN_UNUSED_VARIABLE = YES;
				IPHONEOS_DEPLOYMENT_TARGET = 13.0;
				LOCALIZATION_PREFERS_STRING_CATALOGS = YES;
				MTL_ENABLE_DEBUG_INFO = NO;
				MTL_FAST_MATH = YES;
				SDKROOT = iphoneos;
				SWIFT_COMPILATION_MODE = wholemodule;
				VALIDATE_PRODUCT = YES;
			};
			name = Release;
		};
		75EDEC5A2B9EDB6F003DF653 /* Debug */ = {
			isa = XCBuildConfiguration;
			buildSettings = {
				ASSETCATALOG_COMPILER_APPICON_NAME = AppIcon;
				ASSETCATALOG_COMPILER_GLOBAL_ACCENT_COLOR_NAME = AccentColor;
				CODE_SIGN_STYLE = Automatic;
				CURRENT_PROJECT_VERSION = 1;
				DEVELOPMENT_TEAM = 8CYTV932SZ;
				GENERATE_INFOPLIST_FILE = YES;
				INFOPLIST_FILE = MyBook/Info.plist;
				INFOPLIST_KEY_UIApplicationSupportsIndirectInputEvents = YES;
				INFOPLIST_KEY_UILaunchStoryboardName = LaunchScreen;
				INFOPLIST_KEY_UISupportedInterfaceOrientations = UIInterfaceOrientationPortrait;
				INFOPLIST_KEY_UISupportedInterfaceOrientations_iPad = "UIInterfaceOrientationLandscapeLeft UIInterfaceOrientationLandscapeRight UIInterfaceOrientationPortrait UIInterfaceOrientationPortraitUpsideDown";
				IPHONEOS_DEPLOYMENT_TARGET = 13.0;
				LD_RUNPATH_SEARCH_PATHS = (
					"$(inherited)",
					"@executable_path/Frameworks",
				);
				MARKETING_VERSION = 1.0;
				PRODUCT_BUNDLE_IDENTIFIER = com.knyazev.mybook;
				PRODUCT_NAME = "$(TARGET_NAME)";
				SUPPORTED_PLATFORMS = "iphoneos iphonesimulator";
				SUPPORTS_MACCATALYST = NO;
				SUPPORTS_MAC_DESIGNED_FOR_IPHONE_IPAD = NO;
				SUPPORTS_XR_DESIGNED_FOR_IPHONE_IPAD = NO;
				SWIFT_EMIT_LOC_STRINGS = YES;
				SWIFT_VERSION = 5.0;
				TARGETED_DEVICE_FAMILY = 1;
			};
			name = Debug;
		};
		75EDEC5B2B9EDB6F003DF653 /* Release */ = {
			isa = XCBuildConfiguration;
			buildSettings = {
				ASSETCATALOG_COMPILER_APPICON_NAME = AppIcon;
				ASSETCATALOG_COMPILER_GLOBAL_ACCENT_COLOR_NAME = AccentColor;
				CODE_SIGN_STYLE = Automatic;
				CURRENT_PROJECT_VERSION = 1;
				DEVELOPMENT_TEAM = 8CYTV932SZ;
				GENERATE_INFOPLIST_FILE = YES;
				INFOPLIST_FILE = MyBook/Info.plist;
				INFOPLIST_KEY_UIApplicationSupportsIndirectInputEvents = YES;
				INFOPLIST_KEY_UILaunchStoryboardName = LaunchScreen;
				INFOPLIST_KEY_UISupportedInterfaceOrientations = UIInterfaceOrientationPortrait;
				INFOPLIST_KEY_UISupportedInterfaceOrientations_iPad = "UIInterfaceOrientationLandscapeLeft UIInterfaceOrientationLandscapeRight UIInterfaceOrientationPortrait UIInterfaceOrientationPortraitUpsideDown";
				IPHONEOS_DEPLOYMENT_TARGET = 13.0;
				LD_RUNPATH_SEARCH_PATHS = (
					"$(inherited)",
					"@executable_path/Frameworks",
				);
				MARKETING_VERSION = 1.0;
				PRODUCT_BUNDLE_IDENTIFIER = com.knyazev.mybook;
				PRODUCT_NAME = "$(TARGET_NAME)";
				SUPPORTED_PLATFORMS = "iphoneos iphonesimulator";
				SUPPORTS_MACCATALYST = NO;
				SUPPORTS_MAC_DESIGNED_FOR_IPHONE_IPAD = NO;
				SUPPORTS_XR_DESIGNED_FOR_IPHONE_IPAD = NO;
				SWIFT_EMIT_LOC_STRINGS = YES;
				SWIFT_VERSION = 5.0;
				TARGETED_DEVICE_FAMILY = 1;
			};
			name = Release;
		};
		CE96D9A22BA9E16F00FF8A61 /* Debug */ = {
			isa = XCBuildConfiguration;
			buildSettings = {
				BUNDLE_LOADER = "$(TEST_HOST)";
				CODE_SIGN_STYLE = Automatic;
				CURRENT_PROJECT_VERSION = 1;
				GENERATE_INFOPLIST_FILE = YES;
				MARKETING_VERSION = 1.0;
				PRODUCT_BUNDLE_IDENTIFIER = com.knyazev.mybook.tests;
				PRODUCT_NAME = "$(TARGET_NAME)";
				SUPPORTED_PLATFORMS = "iphoneos iphonesimulator";
				SUPPORTS_MACCATALYST = NO;
				SUPPORTS_MAC_DESIGNED_FOR_IPHONE_IPAD = NO;
				SUPPORTS_XR_DESIGNED_FOR_IPHONE_IPAD = NO;
				SWIFT_EMIT_LOC_STRINGS = NO;
				SWIFT_VERSION = 5.0;
				TARGETED_DEVICE_FAMILY = 1;
				TEST_HOST = "$(BUILT_PRODUCTS_DIR)/MyBook.app/$(BUNDLE_EXECUTABLE_FOLDER_PATH)/MyBook";
			};
			name = Debug;
		};
		CE96D9A32BA9E16F00FF8A61 /* Release */ = {
			isa = XCBuildConfiguration;
			buildSettings = {
				BUNDLE_LOADER = "$(TEST_HOST)";
				CODE_SIGN_STYLE = Automatic;
				CURRENT_PROJECT_VERSION = 1;
				GENERATE_INFOPLIST_FILE = YES;
				MARKETING_VERSION = 1.0;
				PRODUCT_BUNDLE_IDENTIFIER = com.knyazev.mybook.tests;
				PRODUCT_NAME = "$(TARGET_NAME)";
				SUPPORTED_PLATFORMS = "iphoneos iphonesimulator";
				SUPPORTS_MACCATALYST = NO;
				SUPPORTS_MAC_DESIGNED_FOR_IPHONE_IPAD = NO;
				SUPPORTS_XR_DESIGNED_FOR_IPHONE_IPAD = NO;
				SWIFT_EMIT_LOC_STRINGS = NO;
				SWIFT_VERSION = 5.0;
				TARGETED_DEVICE_FAMILY = 1;
				TEST_HOST = "$(BUILT_PRODUCTS_DIR)/MyBook.app/$(BUNDLE_EXECUTABLE_FOLDER_PATH)/MyBook";
			};
			name = Release;
		};
/* End XCBuildConfiguration section */

/* Begin XCConfigurationList section */
		75EDEC402B9EDB6E003DF653 /* Build configuration list for PBXProject "MyBook" */ = {
			isa = XCConfigurationList;
			buildConfigurations = (
				75EDEC572B9EDB6F003DF653 /* Debug */,
				75EDEC582B9EDB6F003DF653 /* Release */,
			);
			defaultConfigurationIsVisible = 0;
			defaultConfigurationName = Release;
		};
		75EDEC592B9EDB6F003DF653 /* Build configuration list for PBXNativeTarget "MyBook" */ = {
			isa = XCConfigurationList;
			buildConfigurations = (
				75EDEC5A2B9EDB6F003DF653 /* Debug */,
				75EDEC5B2B9EDB6F003DF653 /* Release */,
			);
			defaultConfigurationIsVisible = 0;
			defaultConfigurationName = Release;
		};
		CE96D9A12BA9E16F00FF8A61 /* Build configuration list for PBXNativeTarget "MyBookTests" */ = {
			isa = XCConfigurationList;
			buildConfigurations = (
				CE96D9A22BA9E16F00FF8A61 /* Debug */,
				CE96D9A32BA9E16F00FF8A61 /* Release */,
			);
			defaultConfigurationIsVisible = 0;
			defaultConfigurationName = Release;
		};
/* End XCConfigurationList section */

/* Begin XCRemoteSwiftPackageReference section */
		751EE19F2B9EE055006356F5 /* XCRemoteSwiftPackageReference "GoogleSignIn-iOS" */ = {
			isa = XCRemoteSwiftPackageReference;
			repositoryURL = "https://github.com/google/GoogleSignIn-iOS";
			requirement = {
				kind = exactVersion;
				version = 7.1.0;
			};
		};
		755C9F5D2BC42B9E00E1F089 /* XCRemoteSwiftPackageReference "KeychainAccess" */ = {
			isa = XCRemoteSwiftPackageReference;
			repositoryURL = "https://github.com/kishikawakatsumi/KeychainAccess";
			requirement = {
				kind = exactVersion;
				version = 4.2.2;
			};
		};
		755C9F602BC431D900E1F089 /* XCRemoteSwiftPackageReference "SnapKit" */ = {
			isa = XCRemoteSwiftPackageReference;
			repositoryURL = "https://github.com/SnapKit/SnapKit";
			requirement = {
				kind = exactVersion;
				version = 5.7.1;
			};
		};
/* End XCRemoteSwiftPackageReference section */

/* Begin XCSwiftPackageProductDependency section */
		751EE1A02B9EE055006356F5 /* GoogleSignIn */ = {
			isa = XCSwiftPackageProductDependency;
			package = 751EE19F2B9EE055006356F5 /* XCRemoteSwiftPackageReference "GoogleSignIn-iOS" */;
			productName = GoogleSignIn;
		};
		755C9F5E2BC42B9E00E1F089 /* KeychainAccess */ = {
			isa = XCSwiftPackageProductDependency;
			package = 755C9F5D2BC42B9E00E1F089 /* XCRemoteSwiftPackageReference "KeychainAccess" */;
			productName = KeychainAccess;
		};
		755C9F612BC431D900E1F089 /* SnapKit */ = {
			isa = XCSwiftPackageProductDependency;
			package = 755C9F602BC431D900E1F089 /* XCRemoteSwiftPackageReference "SnapKit" */;
			productName = SnapKit;
		};
/* End XCSwiftPackageProductDependency section */
	};
	rootObject = 75EDEC3D2B9EDB6E003DF653 /* Project object */;
}
